
Microsoft Visual Studio Solution File, Format Version 12.00
# Visual Studio Version 16
VisualStudioVersion = 16.0.31515.178
MinimumVisualStudioVersion = 10.0.40219.1
Project("{8BC9CEB8-8B4A-11D0-8D11-00A0C91BC942}") = "HelloWorldSDL", "HelloWorldSDL\HelloWorldSDL.vcxproj", "{62F5BC7E-9B07-45A1-A561-CE9CE22C98E1}"
EndProject
Global
	GlobalSection(SolutionConfigurationPlatforms) = preSolution
		Debug|x64 = Debug|x64
		Debug|x86 = Debug|x86
		Release|x64 = Release|x64
		Release|x86 = Release|x86
	EndGlobalSection
	GlobalSection(ProjectConfigurationPlatforms) = postSolution
		{62F5BC7E-9B07-45A1-A561-CE9CE22C98E1}.Debug|x64.ActiveCfg = Debug|x64
		{62F5BC7E-9B07-45A1-A561-CE9CE22C98E1}.Debug|x64.Build.0 = Debug|x64
		{62F5BC7E-9B07-45A1-A561-CE9CE22C98E1}.Debug|x86.ActiveCfg = Debug|Win32
		{62F5BC7E-9B07-45A1-A561-CE9CE22C98E1}.Debug|x86.Build.0 = Debug|Win32
		{62F5BC7E-9B07-45A1-A561-CE9CE22C98E1}.Release|x64.ActiveCfg = Release|x64
		{62F5BC7E-9B07-45A1-A561-CE9CE22C98E1}.Release|x64.Build.0 = Release|x64
		{62F5BC7E-9B07-45A1-A561-CE9CE22C98E1}.Release|x86.ActiveCfg = Release|Win32
		{62F5BC7E-9B07-45A1-A561-CE9CE22C98E1}.Release|x86.Build.0 = Release|Win32
	EndGlobalSection
	GlobalSection(SolutionProperties) = preSolution
		HideSolutionNode = FALSE
	EndGlobalSection
	GlobalSection(ExtensibilityGlobals) = postSolution
		SolutionGuid = {1E84A56A-F05D-427E-A9AF-B2BBEEEE14D5}
	EndGlobalSection
EndGlobal
